// !$*UTF8*$!
{
	archiveVersion = 1;
	classes = {
	};
	objectVersion = 77;
	objects = {

/* Begin PBXBuildFile section */
		BA0A508D2DC1BA920031508B /* FirebaseDynamicLinks in Frameworks */ = {isa = PBXBuildFile; productRef = BA0A508C2DC1BA920031508B /* FirebaseDynamicLinks */; };
		BA0A5E032DC6A4210031508B /* Assets.xcassets in Resources */ = {isa = PBXBuildFile; fileRef = BA0A5DBA2DC6A4210031508B /* Assets.xcassets */; };
		BA0A5ED12DC6BF1F0031508B /* Flow in Frameworks */ = {isa = PBXBuildFile; productRef = BA0A5ED02DC6BF1F0031508B /* Flow */; };
		BA2984202DB06E6300D5CBBF /* FirebaseMessaging in Frameworks */ = {isa = PBXBuildFile; productRef = BA29841F2DB06E6300D5CBBF /* FirebaseMessaging */; };
		BAE90E602D869B810067F715 /* FirebaseAuth in Frameworks */ = {isa = PBXBuildFile; productRef = BAE90E5F2D869B810067F715 /* FirebaseAuth */; };
		BAE90E622D869B810067F715 /* FirebaseFirestore in Frameworks */ = {isa = PBXBuildFile; productRef = BAE90E612D869B810067F715 /* FirebaseFirestore */; };
		BAE90E642D869B810067F715 /* FirebaseStorage in Frameworks */ = {isa = PBXBuildFile; productRef = BAE90E632D869B810067F715 /* FirebaseStorage */; };
		BAE90EF72D88DC790067F715 /* GoogleSignIn in Frameworks */ = {isa = PBXBuildFile; productRef = BAE90EF62D88DC790067F715 /* GoogleSignIn */; };
		BAE90EF92D88DC790067F715 /* GoogleSignInSwift in Frameworks */ = {isa = PBXBuildFile; productRef = BAE90EF82D88DC790067F715 /* GoogleSignInSwift */; };
		BAE90F332D893CF80067F715 /* GoogleService-Info.plist in Resources */ = {isa = PBXBuildFile; fileRef = BAE90F322D893CF80067F715 /* GoogleService-Info.plist */; };
/* End PBXBuildFile section */

/* Begin PBXContainerItemProxy section */
		BAE90E332D8699550067F715 /* PBXContainerItemProxy */ = {
			isa = PBXContainerItemProxy;
			containerPortal = BAE90E192D8699540067F715 /* Project object */;
			proxyType = 1;
			remoteGlobalIDString = BAE90E202D8699540067F715;
			remoteInfo = YayoNay;
		};
		BAE90E3D2D8699550067F715 /* PBXContainerItemProxy */ = {
			isa = PBXContainerItemProxy;
			containerPortal = BAE90E192D8699540067F715 /* Project object */;
			proxyType = 1;
			remoteGlobalIDString = BAE90E202D8699540067F715;
			remoteInfo = YayoNay;
		};
/* End PBXContainerItemProxy section */

/* Begin PBXFileReference section */
		BA0A5DBA2DC6A4210031508B /* Assets.xcassets */ = {isa = PBXFileReference; lastKnownFileType = folder.assetcatalog; path = Assets.xcassets; sourceTree = "<group>"; };
		BAE90E212D8699540067F715 /* YayoNay.app */ = {isa = PBXFileReference; explicitFileType = wrapper.application; includeInIndex = 0; path = YayoNay.app; sourceTree = BUILT_PRODUCTS_DIR; };
		BAE90E322D8699550067F715 /* YayoNayTests.xctest */ = {isa = PBXFileReference; explicitFileType = wrapper.cfbundle; includeInIndex = 0; path = YayoNayTests.xctest; sourceTree = BUILT_PRODUCTS_DIR; };
		BAE90E3C2D8699550067F715 /* YayoNayUITests.xctest */ = {isa = PBXFileReference; explicitFileType = wrapper.cfbundle; includeInIndex = 0; path = YayoNayUITests.xctest; sourceTree = BUILT_PRODUCTS_DIR; };
		BAE90F322D893CF80067F715 /* GoogleService-Info.plist */ = {isa = PBXFileReference; lastKnownFileType = text.plist.xml; path = "GoogleService-Info.plist"; sourceTree = "<group>"; };
/* End PBXFileReference section */

/* Begin PBXFileSystemSynchronizedBuildFileExceptionSet section */
		BAE90F412D894DDA0067F715 /* Exceptions for "YayoNay" folder in "YayoNay" target */ = {
			isa = PBXFileSystemSynchronizedBuildFileExceptionSet;
			membershipExceptions = (
				Info.plist,
			);
			target = BAE90E202D8699540067F715 /* YayoNay */;
		};
/* End PBXFileSystemSynchronizedBuildFileExceptionSet section */

/* Begin PBXFileSystemSynchronizedRootGroup section */
		BAE90E232D8699540067F715 /* YayoNay */ = {
			isa = PBXFileSystemSynchronizedRootGroup;
			exceptions = (
				BAE90F412D894DDA0067F715 /* Exceptions for "YayoNay" folder in "YayoNay" target */,
			);
			path = YayoNay;
			sourceTree = "<group>";
		};
		BAE90E352D8699550067F715 /* YayoNayTests */ = {
			isa = PBXFileSystemSynchronizedRootGroup;
			path = YayoNayTests;
			sourceTree = "<group>";
		};
		BAE90E3F2D8699550067F715 /* YayoNayUITests */ = {
			isa = PBXFileSystemSynchronizedRootGroup;
			path = YayoNayUITests;
			sourceTree = "<group>";
		};
/* End PBXFileSystemSynchronizedRootGroup section */

/* Begin PBXFrameworksBuildPhase section */
		BAE90E1E2D8699540067F715 /* Frameworks */ = {
			isa = PBXFrameworksBuildPhase;
			buildActionMask = 2147483647;
			files = (
				BA2984202DB06E6300D5CBBF /* FirebaseMessaging in Frameworks */,
				BAE90EF92D88DC790067F715 /* GoogleSignInSwift in Frameworks */,
				BAE90E602D869B810067F715 /* FirebaseAuth in Frameworks */,
				BAE90EF72D88DC790067F715 /* GoogleSignIn in Frameworks */,
				BA0A5ED12DC6BF1F0031508B /* Flow in Frameworks */,
				BAE90E622D869B810067F715 /* FirebaseFirestore in Frameworks */,
				BA0A508D2DC1BA920031508B /* FirebaseDynamicLinks in Frameworks */,
				BAE90E642D869B810067F715 /* FirebaseStorage in Frameworks */,
			);
			runOnlyForDeploymentPostprocessing = 0;
		};
		BAE90E2F2D8699550067F715 /* Frameworks */ = {
			isa = PBXFrameworksBuildPhase;
			buildActionMask = 2147483647;
			files = (
			);
			runOnlyForDeploymentPostprocessing = 0;
		};
		BAE90E392D8699550067F715 /* Frameworks */ = {
			isa = PBXFrameworksBuildPhase;
			buildActionMask = 2147483647;
			files = (
			);
			runOnlyForDeploymentPostprocessing = 0;
		};
/* End PBXFrameworksBuildPhase section */

/* Begin PBXGroup section */
		BAE90E182D8699540067F715 = {
			isa = PBXGroup;
			children = (
				BAE90E232D8699540067F715 /* YayoNay */,
				BAE90E352D8699550067F715 /* YayoNayTests */,
				BAE90E3F2D8699550067F715 /* YayoNayUITests */,
				BAE90E222D8699540067F715 /* Products */,
				BAE90F322D893CF80067F715 /* GoogleService-Info.plist */,
				BA0A5DBA2DC6A4210031508B /* Assets.xcassets */,
			);
			sourceTree = "<group>";
		};
		BAE90E222D8699540067F715 /* Products */ = {
			isa = PBXGroup;
			children = (
				BAE90E212D8699540067F715 /* YayoNay.app */,
				BAE90E322D8699550067F715 /* YayoNayTests.xctest */,
				BAE90E3C2D8699550067F715 /* YayoNayUITests.xctest */,
			);
			name = Products;
			sourceTree = "<group>";
		};
/* End PBXGroup section */

/* Begin PBXNativeTarget section */
		BAE90E202D8699540067F715 /* YayoNay */ = {
			isa = PBXNativeTarget;
			buildConfigurationList = BAE90E462D8699550067F715 /* Build configuration list for PBXNativeTarget "YayoNay" */;
			buildPhases = (
				BAE90E1D2D8699540067F715 /* Sources */,
				BAE90E1E2D8699540067F715 /* Frameworks */,
				BAE90E1F2D8699540067F715 /* Resources */,
			);
			buildRules = (
			);
			dependencies = (
			);
			fileSystemSynchronizedGroups = (
				BAE90E232D8699540067F715 /* YayoNay */,
			);
			name = YayoNay;
			packageProductDependencies = (
				BAE90E5F2D869B810067F715 /* FirebaseAuth */,
				BAE90E612D869B810067F715 /* FirebaseFirestore */,
				BAE90E632D869B810067F715 /* FirebaseStorage */,
				BAE90EF62D88DC790067F715 /* GoogleSignIn */,
				BAE90EF82D88DC790067F715 /* GoogleSignInSwift */,
				BA29841F2DB06E6300D5CBBF /* FirebaseMessaging */,
				BA0A508C2DC1BA920031508B /* FirebaseDynamicLinks */,
				BA0A5ED02DC6BF1F0031508B /* Flow */,
			);
			productName = YayoNay;
			productReference = BAE90E212D8699540067F715 /* YayoNay.app */;
			productType = "com.apple.product-type.application";
		};
		BAE90E312D8699550067F715 /* YayoNayTests */ = {
			isa = PBXNativeTarget;
			buildConfigurationList = BAE90E492D8699550067F715 /* Build configuration list for PBXNativeTarget "YayoNayTests" */;
			buildPhases = (
				BAE90E2E2D8699550067F715 /* Sources */,
				BAE90E2F2D8699550067F715 /* Frameworks */,
				BAE90E302D8699550067F715 /* Resources */,
			);
			buildRules = (
			);
			dependencies = (
				BAE90E342D8699550067F715 /* PBXTargetDependency */,
			);
			fileSystemSynchronizedGroups = (
				BAE90E352D8699550067F715 /* YayoNayTests */,
			);
			name = YayoNayTests;
			packageProductDependencies = (
			);
			productName = YayoNayTests;
			productReference = BAE90E322D8699550067F715 /* YayoNayTests.xctest */;
			productType = "com.apple.product-type.bundle.unit-test";
		};
		BAE90E3B2D8699550067F715 /* YayoNayUITests */ = {
			isa = PBXNativeTarget;
			buildConfigurationList = BAE90E4C2D8699550067F715 /* Build configuration list for PBXNativeTarget "YayoNayUITests" */;
			buildPhases = (
				BAE90E382D8699550067F715 /* Sources */,
				BAE90E392D8699550067F715 /* Frameworks */,
				BAE90E3A2D8699550067F715 /* Resources */,
			);
			buildRules = (
			);
			dependencies = (
				BAE90E3E2D8699550067F715 /* PBXTargetDependency */,
			);
			fileSystemSynchronizedGroups = (
				BAE90E3F2D8699550067F715 /* YayoNayUITests */,
			);
			name = YayoNayUITests;
			packageProductDependencies = (
			);
			productName = YayoNayUITests;
			productReference = BAE90E3C2D8699550067F715 /* YayoNayUITests.xctest */;
			productType = "com.apple.product-type.bundle.ui-testing";
		};
/* End PBXNativeTarget section */

/* Begin PBXProject section */
		BAE90E192D8699540067F715 /* Project object */ = {
			isa = PBXProject;
			attributes = {
				BuildIndependentTargetsInParallel = 1;
				LastSwiftUpdateCheck = 1620;
				LastUpgradeCheck = 1620;
				TargetAttributes = {
					BAE90E202D8699540067F715 = {
						CreatedOnToolsVersion = 16.2;
					};
					BAE90E312D8699550067F715 = {
						CreatedOnToolsVersion = 16.2;
						TestTargetID = BAE90E202D8699540067F715;
					};
					BAE90E3B2D8699550067F715 = {
						CreatedOnToolsVersion = 16.2;
						TestTargetID = BAE90E202D8699540067F715;
					};
				};
			};
			buildConfigurationList = BAE90E1C2D8699540067F715 /* Build configuration list for PBXProject "YayoNay" */;
			developmentRegion = en;
			hasScannedForEncodings = 0;
			knownRegions = (
				en,
				Base,
			);
			mainGroup = BAE90E182D8699540067F715;
			minimizedProjectReferenceProxies = 1;
			packageReferences = (
				BAE90E5E2D869B810067F715 /* XCRemoteSwiftPackageReference "firebase-ios-sdk" */,
				BAE90EF52D88DC790067F715 /* XCRemoteSwiftPackageReference "GoogleSignIn-iOS" */,
				BA0A5ECF2DC6BF1F0031508B /* XCRemoteSwiftPackageReference "SwiftUI-Flow" */,
			);
			preferredProjectObjectVersion = 77;
			productRefGroup = BAE90E222D8699540067F715 /* Products */;
			projectDirPath = "";
			projectRoot = "";
			targets = (
				BAE90E202D8699540067F715 /* YayoNay */,
				BAE90E312D8699550067F715 /* YayoNayTests */,
				BAE90E3B2D8699550067F715 /* YayoNayUITests */,
			);
		};
/* End PBXProject section */

/* Begin PBXResourcesBuildPhase section */
		BAE90E1F2D8699540067F715 /* Resources */ = {
			isa = PBXResourcesBuildPhase;
			buildActionMask = 2147483647;
			files = (
				BA0A5E032DC6A4210031508B /* Assets.xcassets in Resources */,
				BAE90F332D893CF80067F715 /* GoogleService-Info.plist in Resources */,
			);
			runOnlyForDeploymentPostprocessing = 0;
		};
		BAE90E302D8699550067F715 /* Resources */ = {
			isa = PBXResourcesBuildPhase;
			buildActionMask = 2147483647;
			files = (
			);
			runOnlyForDeploymentPostprocessing = 0;
		};
		BAE90E3A2D8699550067F715 /* Resources */ = {
			isa = PBXResourcesBuildPhase;
			buildActionMask = 2147483647;
			files = (
			);
			runOnlyForDeploymentPostprocessing = 0;
		};
/* End PBXResourcesBuildPhase section */

/* Begin PBXSourcesBuildPhase section */
		BAE90E1D2D8699540067F715 /* Sources */ = {
			isa = PBXSourcesBuildPhase;
			buildActionMask = 2147483647;
			files = (
			);
			runOnlyForDeploymentPostprocessing = 0;
		};
		BAE90E2E2D8699550067F715 /* Sources */ = {
			isa = PBXSourcesBuildPhase;
			buildActionMask = 2147483647;
			files = (
			);
			runOnlyForDeploymentPostprocessing = 0;
		};
		BAE90E382D8699550067F715 /* Sources */ = {
			isa = PBXSourcesBuildPhase;
			buildActionMask = 2147483647;
			files = (
			);
			runOnlyForDeploymentPostprocessing = 0;
		};
/* End PBXSourcesBuildPhase section */

/* Begin PBXTargetDependency section */
		BAE90E342D8699550067F715 /* PBXTargetDependency */ = {
			isa = PBXTargetDependency;
			target = BAE90E202D8699540067F715 /* YayoNay */;
			targetProxy = BAE90E332D8699550067F715 /* PBXContainerItemProxy */;
		};
		BAE90E3E2D8699550067F715 /* PBXTargetDependency */ = {
			isa = PBXTargetDependency;
			target = BAE90E202D8699540067F715 /* YayoNay */;
			targetProxy = BAE90E3D2D8699550067F715 /* PBXContainerItemProxy */;
		};
/* End PBXTargetDependency section */

/* Begin XCBuildConfiguration section */
		BAE90E442D8699550067F715 /* Debug */ = {
			isa = XCBuildConfiguration;
			buildSettings = {
				ALWAYS_SEARCH_USER_PATHS = NO;
				ASSETCATALOG_COMPILER_GENERATE_SWIFT_ASSET_SYMBOL_EXTENSIONS = YES;
				CLANG_ANALYZER_NONNULL = YES;
				CLANG_ANALYZER_NUMBER_OBJECT_CONVERSION = YES_AGGRESSIVE;
				CLANG_CXX_LANGUAGE_STANDARD = "gnu++20";
				CLANG_ENABLE_MODULES = YES;
				CLANG_ENABLE_OBJC_ARC = YES;
				CLANG_ENABLE_OBJC_WEAK = YES;
				CLANG_WARN_BLOCK_CAPTURE_AUTORELEASING = YES;
				CLANG_WARN_BOOL_CONVERSION = YES;
				CLANG_WARN_COMMA = YES;
				CLANG_WARN_CONSTANT_CONVERSION = YES;
				CLANG_WARN_DEPRECATED_OBJC_IMPLEMENTATIONS = YES;
				CLANG_WARN_DIRECT_OBJC_ISA_USAGE = YES_ERROR;
				CLANG_WARN_DOCUMENTATION_COMMENTS = YES;
				CLANG_WARN_EMPTY_BODY = YES;
				CLANG_WARN_ENUM_CONVERSION = YES;
				CLANG_WARN_INFINITE_RECURSION = YES;
				CLANG_WARN_INT_CONVERSION = YES;
				CLANG_WARN_NON_LITERAL_NULL_CONVERSION = YES;
				CLANG_WARN_OBJC_IMPLICIT_RETAIN_SELF = YES;
				CLANG_WARN_OBJC_LITERAL_CONVERSION = YES;
				CLANG_WARN_OBJC_ROOT_CLASS = YES_ERROR;
				CLANG_WARN_QUOTED_INCLUDE_IN_FRAMEWORK_HEADER = YES;
				CLANG_WARN_RANGE_LOOP_ANALYSIS = YES;
				CLANG_WARN_STRICT_PROTOTYPES = YES;
				CLANG_WARN_SUSPICIOUS_MOVE = YES;
				CLANG_WARN_UNGUARDED_AVAILABILITY = YES_AGGRESSIVE;
				CLANG_WARN_UNREACHABLE_CODE = YES;
				CLANG_WARN__DUPLICATE_METHOD_MATCH = YES;
				COPY_PHASE_STRIP = NO;
				DEBUG_INFORMATION_FORMAT = dwarf;
				ENABLE_STRICT_OBJC_MSGSEND = YES;
				ENABLE_TESTABILITY = YES;
				ENABLE_USER_SCRIPT_SANDBOXING = YES;
				GCC_C_LANGUAGE_STANDARD = gnu17;
				GCC_DYNAMIC_NO_PIC = NO;
				GCC_NO_COMMON_BLOCKS = YES;
				GCC_OPTIMIZATION_LEVEL = 0;
				GCC_PREPROCESSOR_DEFINITIONS = (
					"DEBUG=1",
					"$(inherited)",
				);
				GCC_WARN_64_TO_32_BIT_CONVERSION = YES;
				GCC_WARN_ABOUT_RETURN_TYPE = YES_ERROR;
				GCC_WARN_UNDECLARED_SELECTOR = YES;
				GCC_WARN_UNINITIALIZED_AUTOS = YES_AGGRESSIVE;
				GCC_WARN_UNUSED_FUNCTION = YES;
				GCC_WARN_UNUSED_VARIABLE = YES;
				LOCALIZATION_PREFERS_STRING_CATALOGS = YES;
				MTL_ENABLE_DEBUG_INFO = INCLUDE_SOURCE;
				MTL_FAST_MATH = YES;
				ONLY_ACTIVE_ARCH = YES;
				SWIFT_ACTIVE_COMPILATION_CONDITIONS = "DEBUG $(inherited)";
				SWIFT_OPTIMIZATION_LEVEL = "-Onone";
			};
			name = Debug;
		};
		BAE90E452D8699550067F715 /* Release */ = {
			isa = XCBuildConfiguration;
			buildSettings = {
				ALWAYS_SEARCH_USER_PATHS = NO;
				ASSETCATALOG_COMPILER_GENERATE_SWIFT_ASSET_SYMBOL_EXTENSIONS = YES;
				CLANG_ANALYZER_NONNULL = YES;
				CLANG_ANALYZER_NUMBER_OBJECT_CONVERSION = YES_AGGRESSIVE;
				CLANG_CXX_LANGUAGE_STANDARD = "gnu++20";
				CLANG_ENABLE_MODULES = YES;
				CLANG_ENABLE_OBJC_ARC = YES;
				CLANG_ENABLE_OBJC_WEAK = YES;
				CLANG_WARN_BLOCK_CAPTURE_AUTORELEASING = YES;
				CLANG_WARN_BOOL_CONVERSION = YES;
				CLANG_WARN_COMMA = YES;
				CLANG_WARN_CONSTANT_CONVERSION = YES;
				CLANG_WARN_DEPRECATED_OBJC_IMPLEMENTATIONS = YES;
				CLANG_WARN_DIRECT_OBJC_ISA_USAGE = YES_ERROR;
				CLANG_WARN_DOCUMENTATION_COMMENTS = YES;
				CLANG_WARN_EMPTY_BODY = YES;
				CLANG_WARN_ENUM_CONVERSION = YES;
				CLANG_WARN_INFINITE_RECURSION = YES;
				CLANG_WARN_INT_CONVERSION = YES;
				CLANG_WARN_NON_LITERAL_NULL_CONVERSION = YES;
				CLANG_WARN_OBJC_IMPLICIT_RETAIN_SELF = YES;
				CLANG_WARN_OBJC_LITERAL_CONVERSION = YES;
				CLANG_WARN_OBJC_ROOT_CLASS = YES_ERROR;
				CLANG_WARN_QUOTED_INCLUDE_IN_FRAMEWORK_HEADER = YES;
				CLANG_WARN_RANGE_LOOP_ANALYSIS = YES;
				CLANG_WARN_STRICT_PROTOTYPES = YES;
				CLANG_WARN_SUSPICIOUS_MOVE = YES;
				CLANG_WARN_UNGUARDED_AVAILABILITY = YES_AGGRESSIVE;
				CLANG_WARN_UNREACHABLE_CODE = YES;
				CLANG_WARN__DUPLICATE_METHOD_MATCH = YES;
				COPY_PHASE_STRIP = NO;
				DEBUG_INFORMATION_FORMAT = "dwarf-with-dsym";
				ENABLE_NS_ASSERTIONS = NO;
				ENABLE_STRICT_OBJC_MSGSEND = YES;
				ENABLE_USER_SCRIPT_SANDBOXING = YES;
				GCC_C_LANGUAGE_STANDARD = gnu17;
				GCC_NO_COMMON_BLOCKS = YES;
				GCC_WARN_64_TO_32_BIT_CONVERSION = YES;
				GCC_WARN_ABOUT_RETURN_TYPE = YES_ERROR;
				GCC_WARN_UNDECLARED_SELECTOR = YES;
				GCC_WARN_UNINITIALIZED_AUTOS = YES_AGGRESSIVE;
				GCC_WARN_UNUSED_FUNCTION = YES;
				GCC_WARN_UNUSED_VARIABLE = YES;
				LOCALIZATION_PREFERS_STRING_CATALOGS = YES;
				MTL_ENABLE_DEBUG_INFO = NO;
				MTL_FAST_MATH = YES;
				SWIFT_COMPILATION_MODE = wholemodule;
			};
			name = Release;
		};
		BAE90E472D8699550067F715 /* Debug */ = {
			isa = XCBuildConfiguration;
			buildSettings = {
				ASSETCATALOG_COMPILER_APPICON_NAME = AppIcon;
				ASSETCATALOG_COMPILER_GLOBAL_ACCENT_COLOR_NAME = AccentColor;
				CODE_SIGN_ENTITLEMENTS = YayoNay/YayoNay.entitlements;
				CODE_SIGN_IDENTITY = "Apple Development";
				CODE_SIGN_STYLE = Automatic;
				CURRENT_PROJECT_VERSION = 1;
				DEVELOPMENT_ASSET_PATHS = "\"YayoNay/Preview Content\"";
				DEVELOPMENT_TEAM = K8ZK9C85FY;
				ENABLE_PREVIEWS = YES;
				GENERATE_INFOPLIST_FILE = NO;
				GIDClientID = "1057578166868-ohp6sae00m9a6md9iscit36r25nog88c";
				INFOPLIST_FILE = YayoNay/Info.plist;
				"INFOPLIST_KEY_UIApplicationSceneManifest_Generation[sdk=iphoneos*]" = YES;
				"INFOPLIST_KEY_UIApplicationSceneManifest_Generation[sdk=iphonesimulator*]" = YES;
				"INFOPLIST_KEY_UIApplicationSupportsIndirectInputEvents[sdk=iphoneos*]" = YES;
				"INFOPLIST_KEY_UIApplicationSupportsIndirectInputEvents[sdk=iphonesimulator*]" = YES;
				"INFOPLIST_KEY_UILaunchScreen_Generation[sdk=iphoneos*]" = YES;
				"INFOPLIST_KEY_UILaunchScreen_Generation[sdk=iphonesimulator*]" = YES;
				"INFOPLIST_KEY_UIStatusBarStyle[sdk=iphoneos*]" = UIStatusBarStyleDefault;
				"INFOPLIST_KEY_UIStatusBarStyle[sdk=iphonesimulator*]" = UIStatusBarStyleDefault;
				INFOPLIST_KEY_UISupportedInterfaceOrientations_iPad = "UIInterfaceOrientationPortrait UIInterfaceOrientationPortraitUpsideDown UIInterfaceOrientationLandscapeLeft UIInterfaceOrientationLandscapeRight";
				INFOPLIST_KEY_UISupportedInterfaceOrientations_iPhone = "UIInterfaceOrientationPortrait UIInterfaceOrientationLandscapeLeft UIInterfaceOrientationLandscapeRight";
				IPHONEOS_DEPLOYMENT_TARGET = 18.2;
				LD_RUNPATH_SEARCH_PATHS = "@executable_path/Frameworks";
				"LD_RUNPATH_SEARCH_PATHS[sdk=macosx*]" = "@executable_path/../Frameworks";
				MACOSX_DEPLOYMENT_TARGET = 15.2;
				MARKETING_VERSION = 1.0;
				PRODUCT_BUNDLE_IDENTIFIER = YayoNay.YayoNay;
				PRODUCT_NAME = "$(TARGET_NAME)";
				PROVISIONING_PROFILE_SPECIFIER = "";
				SDKROOT = auto;
				SUPPORTED_PLATFORMS = "iphoneos iphonesimulator macosx xros xrsimulator";
				SWIFT_EMIT_LOC_STRINGS = YES;
				SWIFT_VERSION = 5.0;
				TARGETED_DEVICE_FAMILY = "1,2,7";
				XROS_DEPLOYMENT_TARGET = 2.2;
			};
			name = Debug;
		};
		BAE90E482D8699550067F715 /* Release */ = {
			isa = XCBuildConfiguration;
			buildSettings = {
				ASSETCATALOG_COMPILER_APPICON_NAME = AppIcon;
				ASSETCATALOG_COMPILER_GLOBAL_ACCENT_COLOR_NAME = AccentColor;
				CODE_SIGN_ENTITLEMENTS = YayoNay/YayoNay.entitlements;
				CODE_SIGN_IDENTITY = "Apple Development";
				CODE_SIGN_STYLE = Automatic;
				CURRENT_PROJECT_VERSION = 1;
				DEVELOPMENT_ASSET_PATHS = "\"YayoNay/Preview Content\"";
				DEVELOPMENT_TEAM = K8ZK9C85FY;
				ENABLE_PREVIEWS = YES;
				GENERATE_INFOPLIST_FILE = NO;
				GIDClientID = "1057578166868-ohp6sae00m9a6md9iscit36r25nog88c";
				INFOPLIST_FILE = YayoNay/Info.plist;
				"INFOPLIST_KEY_UIApplicationSceneManifest_Generation[sdk=iphoneos*]" = YES;
				"INFOPLIST_KEY_UIApplicationSceneManifest_Generation[sdk=iphonesimulator*]" = YES;
				"INFOPLIST_KEY_UIApplicationSupportsIndirectInputEvents[sdk=iphoneos*]" = YES;
				"INFOPLIST_KEY_UIApplicationSupportsIndirectInputEvents[sdk=iphonesimulator*]" = YES;
				"INFOPLIST_KEY_UILaunchScreen_Generation[sdk=iphoneos*]" = YES;
				"INFOPLIST_KEY_UILaunchScreen_Generation[sdk=iphonesimulator*]" = YES;
				"INFOPLIST_KEY_UIStatusBarStyle[sdk=iphoneos*]" = UIStatusBarStyleDefault;
				"INFOPLIST_KEY_UIStatusBarStyle[sdk=iphonesimulator*]" = UIStatusBarStyleDefault;
				INFOPLIST_KEY_UISupportedInterfaceOrientations_iPad = "UIInterfaceOrientationPortrait UIInterfaceOrientationPortraitUpsideDown UIInterfaceOrientationLandscapeLeft UIInterfaceOrientationLandscapeRight";
				INFOPLIST_KEY_UISupportedInterfaceOrientations_iPhone = "UIInterfaceOrientationPortrait UIInterfaceOrientationLandscapeLeft UIInterfaceOrientationLandscapeRight";
				IPHONEOS_DEPLOYMENT_TARGET = 18.2;
				LD_RUNPATH_SEARCH_PATHS = "@executable_path/Frameworks";
				"LD_RUNPATH_SEARCH_PATHS[sdk=macosx*]" = "@executable_path/../Frameworks";
				MACOSX_DEPLOYMENT_TARGET = 15.2;
				MARKETING_VERSION = 1.0;
				PRODUCT_BUNDLE_IDENTIFIER = YayoNay.YayoNay;
				PRODUCT_NAME = "$(TARGET_NAME)";
				PROVISIONING_PROFILE_SPECIFIER = "";
				SDKROOT = auto;
				SUPPORTED_PLATFORMS = "iphoneos iphonesimulator macosx xros xrsimulator";
				SWIFT_EMIT_LOC_STRINGS = YES;
				SWIFT_VERSION = 5.0;
				TARGETED_DEVICE_FAMILY = "1,2,7";
				XROS_DEPLOYMENT_TARGET = 2.2;
			};
			name = Release;
		};
		BAE90E4A2D8699550067F715 /* Debug */ = {
			isa = XCBuildConfiguration;
			buildSettings = {
				BUNDLE_LOADER = "$(TEST_HOST)";
				CODE_SIGN_STYLE = Automatic;
				CURRENT_PROJECT_VERSION = 1;
				GENERATE_INFOPLIST_FILE = YES;
				IPHONEOS_DEPLOYMENT_TARGET = 18.2;
				MACOSX_DEPLOYMENT_TARGET = 15.2;
				MARKETING_VERSION = 1.0;
				PRODUCT_BUNDLE_IDENTIFIER = YayoNay.YayoNayTests;
				PRODUCT_NAME = "$(TARGET_NAME)";
				SDKROOT = auto;
				SUPPORTED_PLATFORMS = "iphoneos iphonesimulator macosx xros xrsimulator";
				SWIFT_EMIT_LOC_STRINGS = NO;
				SWIFT_VERSION = 5.0;
				TARGETED_DEVICE_FAMILY = "1,2,7";
				TEST_HOST = "$(BUILT_PRODUCTS_DIR)/YayoNay.app/$(BUNDLE_EXECUTABLE_FOLDER_PATH)/YayoNay";
				XROS_DEPLOYMENT_TARGET = 2.2;
			};
			name = Debug;
		};
		BAE90E4B2D8699550067F715 /* Release */ = {
			isa = XCBuildConfiguration;
			buildSettings = {
				BUNDLE_LOADER = "$(TEST_HOST)";
				CODE_SIGN_STYLE = Automatic;
				CURRENT_PROJECT_VERSION = 1;
				GENERATE_INFOPLIST_FILE = YES;
				IPHONEOS_DEPLOYMENT_TARGET = 18.2;
				MACOSX_DEPLOYMENT_TARGET = 15.2;
				MARKETING_VERSION = 1.0;
				PRODUCT_BUNDLE_IDENTIFIER = YayoNay.YayoNayTests;
				PRODUCT_NAME = "$(TARGET_NAME)";
				SDKROOT = auto;
				SUPPORTED_PLATFORMS = "iphoneos iphonesimulator macosx xros xrsimulator";
				SWIFT_EMIT_LOC_STRINGS = NO;
				SWIFT_VERSION = 5.0;
				TARGETED_DEVICE_FAMILY = "1,2,7";
				TEST_HOST = "$(BUILT_PRODUCTS_DIR)/YayoNay.app/$(BUNDLE_EXECUTABLE_FOLDER_PATH)/YayoNay";
				XROS_DEPLOYMENT_TARGET = 2.2;
			};
			name = Release;
		};
		BAE90E4D2D8699550067F715 /* Debug */ = {
			isa = XCBuildConfiguration;
			buildSettings = {
				CODE_SIGN_STYLE = Automatic;
				CURRENT_PROJECT_VERSION = 1;
				GENERATE_INFOPLIST_FILE = YES;
				IPHONEOS_DEPLOYMENT_TARGET = 18.2;
				MACOSX_DEPLOYMENT_TARGET = 15.2;
				MARKETING_VERSION = 1.0;
				PRODUCT_BUNDLE_IDENTIFIER = YayoNay.YayoNayUITests;
				PRODUCT_NAME = "$(TARGET_NAME)";
				SDKROOT = auto;
				SUPPORTED_PLATFORMS = "iphoneos iphonesimulator macosx xros xrsimulator";
				SWIFT_EMIT_LOC_STRINGS = NO;
				SWIFT_VERSION = 5.0;
				TARGETED_DEVICE_FAMILY = "1,2,7";
				TEST_TARGET_NAME = YayoNay;
				XROS_DEPLOYMENT_TARGET = 2.2;
			};
			name = Debug;
		};
		BAE90E4E2D8699550067F715 /* Release */ = {
			isa = XCBuildConfiguration;
			buildSettings = {
				CODE_SIGN_STYLE = Automatic;
				CURRENT_PROJECT_VERSION = 1;
				GENERATE_INFOPLIST_FILE = YES;
				IPHONEOS_DEPLOYMENT_TARGET = 18.2;
				MACOSX_DEPLOYMENT_TARGET = 15.2;
				MARKETING_VERSION = 1.0;
				PRODUCT_BUNDLE_IDENTIFIER = YayoNay.YayoNayUITests;
				PRODUCT_NAME = "$(TARGET_NAME)";
				SDKROOT = auto;
				SUPPORTED_PLATFORMS = "iphoneos iphonesimulator macosx xros xrsimulator";
				SWIFT_EMIT_LOC_STRINGS = NO;
				SWIFT_VERSION = 5.0;
				TARGETED_DEVICE_FAMILY = "1,2,7";
				TEST_TARGET_NAME = YayoNay;
				XROS_DEPLOYMENT_TARGET = 2.2;
			};
			name = Release;
		};
/* End XCBuildConfiguration section */

/* Begin XCConfigurationList section */
		BAE90E1C2D8699540067F715 /* Build configuration list for PBXProject "YayoNay" */ = {
			isa = XCConfigurationList;
			buildConfigurations = (
				BAE90E442D8699550067F715 /* Debug */,
				BAE90E452D8699550067F715 /* Release */,
			);
			defaultConfigurationIsVisible = 0;
			defaultConfigurationName = Release;
		};
		BAE90E462D8699550067F715 /* Build configuration list for PBXNativeTarget "YayoNay" */ = {
			isa = XCConfigurationList;
			buildConfigurations = (
				BAE90E472D8699550067F715 /* Debug */,
				BAE90E482D8699550067F715 /* Release */,
			);
			defaultConfigurationIsVisible = 0;
			defaultConfigurationName = Release;
		};
		BAE90E492D8699550067F715 /* Build configuration list for PBXNativeTarget "YayoNayTests" */ = {
			isa = XCConfigurationList;
			buildConfigurations = (
				BAE90E4A2D8699550067F715 /* Debug */,
				BAE90E4B2D8699550067F715 /* Release */,
			);
			defaultConfigurationIsVisible = 0;
			defaultConfigurationName = Release;
		};
		BAE90E4C2D8699550067F715 /* Build configuration list for PBXNativeTarget "YayoNayUITests" */ = {
			isa = XCConfigurationList;
			buildConfigurations = (
				BAE90E4D2D8699550067F715 /* Debug */,
				BAE90E4E2D8699550067F715 /* Release */,
			);
			defaultConfigurationIsVisible = 0;
			defaultConfigurationName = Release;
		};
/* End XCConfigurationList section */

/* Begin XCRemoteSwiftPackageReference section */
		BA0A5ECF2DC6BF1F0031508B /* XCRemoteSwiftPackageReference "SwiftUI-Flow" */ = {
			isa = XCRemoteSwiftPackageReference;
			repositoryURL = "https://github.com/tevelee/SwiftUI-Flow";
			requirement = {
				kind = upToNextMajorVersion;
				minimumVersion = 3.0.2;
			};
		};
		BAE90E5E2D869B810067F715 /* XCRemoteSwiftPackageReference "firebase-ios-sdk" */ = {
			isa = XCRemoteSwiftPackageReference;
			repositoryURL = "https://github.com/firebase/firebase-ios-sdk.git";
			requirement = {
				kind = upToNextMajorVersion;
				minimumVersion = 11.9.0;
			};
		};
		BAE90EF52D88DC790067F715 /* XCRemoteSwiftPackageReference "GoogleSignIn-iOS" */ = {
			isa = XCRemoteSwiftPackageReference;
			repositoryURL = "https://github.com/google/GoogleSignIn-iOS";
			requirement = {
				kind = upToNextMajorVersion;
				minimumVersion = 8.0.0;
			};
		};
/* End XCRemoteSwiftPackageReference section */

/* Begin XCSwiftPackageProductDependency section */
		BA0A508C2DC1BA920031508B /* FirebaseDynamicLinks */ = {
			isa = XCSwiftPackageProductDependency;
			package = BAE90E5E2D869B810067F715 /* XCRemoteSwiftPackageReference "firebase-ios-sdk" */;
			productName = FirebaseDynamicLinks;
		};
		BA0A5ED02DC6BF1F0031508B /* Flow */ = {
			isa = XCSwiftPackageProductDependency;
			package = BA0A5ECF2DC6BF1F0031508B /* XCRemoteSwiftPackageReference "SwiftUI-Flow" */;
			productName = Flow;
		};
		BA29841F2DB06E6300D5CBBF /* FirebaseMessaging */ = {
			isa = XCSwiftPackageProductDependency;
			package = BAE90E5E2D869B810067F715 /* XCRemoteSwiftPackageReference "firebase-ios-sdk" */;
			productName = FirebaseMessaging;
		};
		BAE90E5F2D869B810067F715 /* FirebaseAuth */ = {
			isa = XCSwiftPackageProductDependency;
			package = BAE90E5E2D869B810067F715 /* XCRemoteSwiftPackageReference "firebase-ios-sdk" */;
			productName = FirebaseAuth;
		};
		BAE90E612D869B810067F715 /* FirebaseFirestore */ = {
			isa = XCSwiftPackageProductDependency;
			package = BAE90E5E2D869B810067F715 /* XCRemoteSwiftPackageReference "firebase-ios-sdk" */;
			productName = FirebaseFirestore;
		};
		BAE90E632D869B810067F715 /* FirebaseStorage */ = {
			isa = XCSwiftPackageProductDependency;
			package = BAE90E5E2D869B810067F715 /* XCRemoteSwiftPackageReference "firebase-ios-sdk" */;
			productName = FirebaseStorage;
		};
		BAE90EF62D88DC790067F715 /* GoogleSignIn */ = {
			isa = XCSwiftPackageProductDependency;
			package = BAE90EF52D88DC790067F715 /* XCRemoteSwiftPackageReference "GoogleSignIn-iOS" */;
			productName = GoogleSignIn;
		};
		BAE90EF82D88DC790067F715 /* GoogleSignInSwift */ = {
			isa = XCSwiftPackageProductDependency;
			package = BAE90EF52D88DC790067F715 /* XCRemoteSwiftPackageReference "GoogleSignIn-iOS" */;
			productName = GoogleSignInSwift;
		};
/* End XCSwiftPackageProductDependency section */
	};
	rootObject = BAE90E192D8699540067F715 /* Project object */;
}
